// !$*UTF8*$!
{
	archiveVersion = 1;
	classes = {
	};
	objectVersion = 46;
	objects = {

/* Begin PBXBuildFile section */
		365F39711BC6BDE000D37522 /* main.m in Sources */ = {isa = PBXBuildFile; fileRef = 365F39701BC6BDE000D37522 /* main.m */; };
		365F39741BC6BDE000D37522 /* AppDelegate.m in Sources */ = {isa = PBXBuildFile; fileRef = 365F39731BC6BDE000D37522 /* AppDelegate.m */; };
		365F39771BC6BDE000D37522 /* ViewController.m in Sources */ = {isa = PBXBuildFile; fileRef = 365F39761BC6BDE000D37522 /* ViewController.m */; };
		365F397A1BC6BDE000D37522 /* Main.storyboard in Resources */ = {isa = PBXBuildFile; fileRef = 365F39781BC6BDE000D37522 /* Main.storyboard */; };
		365F397C1BC6BDE000D37522 /* Assets.xcassets in Resources */ = {isa = PBXBuildFile; fileRef = 365F397B1BC6BDE000D37522 /* Assets.xcassets */; };
		365F397F1BC6BDE000D37522 /* LaunchScreen.storyboard in Resources */ = {isa = PBXBuildFile; fileRef = 365F397D1BC6BDE000D37522 /* LaunchScreen.storyboard */; };
		36A005791BC76805002B79B2 /* StoreKit.framework in Frameworks */ = {isa = PBXBuildFile; fileRef = 36A005781BC76805002B79B2 /* StoreKit.framework */; };
		36A0057F1BC79515002B79B2 /* UIDevice+PMDevice.m in Sources */ = {isa = PBXBuildFile; fileRef = 36A0057E1BC79515002B79B2 /* UIDevice+PMDevice.m */; settings = {ASSET_TAGS = (); }; };
		36A0058E1BC80535002B79B2 /* PMSimpleTransaction.m in Sources */ = {isa = PBXBuildFile; fileRef = 36A0058B1BC80535002B79B2 /* PMSimpleTransaction.m */; settings = {ASSET_TAGS = (); }; };
		36A0058F1BC80535002B79B2 /* PMTransactionExceptionMonitor.m in Sources */ = {isa = PBXBuildFile; fileRef = 36A0058D1BC80535002B79B2 /* PMTransactionExceptionMonitor.m */; settings = {ASSET_TAGS = (); }; };
/* End PBXBuildFile section */

/* Begin PBXFileReference section */
		365F396C1BC6BDE000D37522 /* ApplePayDemo.app */ = {isa = PBXFileReference; explicitFileType = wrapper.application; includeInIndex = 0; path = ApplePayDemo.app; sourceTree = BUILT_PRODUCTS_DIR; };
		365F39701BC6BDE000D37522 /* main.m */ = {isa = PBXFileReference; lastKnownFileType = sourcecode.c.objc; path = main.m; sourceTree = "<group>"; };
		365F39721BC6BDE000D37522 /* AppDelegate.h */ = {isa = PBXFileReference; lastKnownFileType = sourcecode.c.h; path = AppDelegate.h; sourceTree = "<group>"; };
		365F39731BC6BDE000D37522 /* AppDelegate.m */ = {isa = PBXFileReference; lastKnownFileType = sourcecode.c.objc; path = AppDelegate.m; sourceTree = "<group>"; };
		365F39751BC6BDE000D37522 /* ViewController.h */ = {isa = PBXFileReference; lastKnownFileType = sourcecode.c.h; path = ViewController.h; sourceTree = "<group>"; };
		365F39761BC6BDE000D37522 /* ViewController.m */ = {isa = PBXFileReference; lastKnownFileType = sourcecode.c.objc; path = ViewController.m; sourceTree = "<group>"; };
		365F39791BC6BDE000D37522 /* Base */ = {isa = PBXFileReference; lastKnownFileType = file.storyboard; name = Base; path = Base.lproj/Main.storyboard; sourceTree = "<group>"; };
		365F397B1BC6BDE000D37522 /* Assets.xcassets */ = {isa = PBXFileReference; lastKnownFileType = folder.assetcatalog; path = Assets.xcassets; sourceTree = "<group>"; };
		365F397E1BC6BDE000D37522 /* Base */ = {isa = PBXFileReference; lastKnownFileType = file.storyboard; name = Base; path = Base.lproj/LaunchScreen.storyboard; sourceTree = "<group>"; };
		365F39801BC6BDE000D37522 /* Info.plist */ = {isa = PBXFileReference; lastKnownFileType = text.plist.xml; path = Info.plist; sourceTree = "<group>"; };
		365F39861BC6BDF700D37522 /* ApplePayDemo.entitlements */ = {isa = PBXFileReference; lastKnownFileType = text.xml; path = ApplePayDemo.entitlements; sourceTree = "<group>"; };
		36A005781BC76805002B79B2 /* StoreKit.framework */ = {isa = PBXFileReference; lastKnownFileType = wrapper.framework; name = StoreKit.framework; path = System/Library/Frameworks/StoreKit.framework; sourceTree = SDKROOT; };
		36A0057D1BC79515002B79B2 /* UIDevice+PMDevice.h */ = {isa = PBXFileReference; fileEncoding = 4; lastKnownFileType = sourcecode.c.h; path = "UIDevice+PMDevice.h"; sourceTree = "<group>"; };
		36A0057E1BC79515002B79B2 /* UIDevice+PMDevice.m */ = {isa = PBXFileReference; fileEncoding = 4; lastKnownFileType = sourcecode.c.objc; path = "UIDevice+PMDevice.m"; sourceTree = "<group>"; };
		36A0058A1BC80535002B79B2 /* PMSimpleTransaction.h */ = {isa = PBXFileReference; fileEncoding = 4; lastKnownFileType = sourcecode.c.h; path = PMSimpleTransaction.h; sourceTree = "<group>"; };
		36A0058B1BC80535002B79B2 /* PMSimpleTransaction.m */ = {isa = PBXFileReference; fileEncoding = 4; lastKnownFileType = sourcecode.c.objc; path = PMSimpleTransaction.m; sourceTree = "<group>"; };
		36A0058C1BC80535002B79B2 /* PMTransactionExceptionMonitor.h */ = {isa = PBXFileReference; fileEncoding = 4; lastKnownFileType = sourcecode.c.h; path = PMTransactionExceptionMonitor.h; sourceTree = "<group>"; };
		36A0058D1BC80535002B79B2 /* PMTransactionExceptionMonitor.m */ = {isa = PBXFileReference; fileEncoding = 4; lastKnownFileType = sourcecode.c.objc; path = PMTransactionExceptionMonitor.m; sourceTree = "<group>"; };
/* End PBXFileReference section */

/* Begin PBXFrameworksBuildPhase section */
		365F39691BC6BDE000D37522 /* Frameworks */ = {
			isa = PBXFrameworksBuildPhase;
			buildActionMask = 2147483647;
			files = (
				36A005791BC76805002B79B2 /* StoreKit.framework in Frameworks */,
			);
			runOnlyForDeploymentPostprocessing = 0;
		};
/* End PBXFrameworksBuildPhase section */

/* Begin PBXGroup section */
		365F39631BC6BDE000D37522 = {
			isa = PBXGroup;
			children = (
				36A005781BC76805002B79B2 /* StoreKit.framework */,
				365F396E1BC6BDE000D37522 /* ApplePayDemo */,
				365F396D1BC6BDE000D37522 /* Products */,
			);
			sourceTree = "<group>";
		};
		365F396D1BC6BDE000D37522 /* Products */ = {
			isa = PBXGroup;
			children = (
				365F396C1BC6BDE000D37522 /* ApplePayDemo.app */,
			);
			name = Products;
			sourceTree = "<group>";
		};
		365F396E1BC6BDE000D37522 /* ApplePayDemo */ = {
			isa = PBXGroup;
			children = (
				36A005801BC79D9A002B79B2 /* NetworkCache */,
				365F39861BC6BDF700D37522 /* ApplePayDemo.entitlements */,
				365F39721BC6BDE000D37522 /* AppDelegate.h */,
				365F39731BC6BDE000D37522 /* AppDelegate.m */,
				365F39751BC6BDE000D37522 /* ViewController.h */,
				365F39761BC6BDE000D37522 /* ViewController.m */,
				36A0057D1BC79515002B79B2 /* UIDevice+PMDevice.h */,
				36A0057E1BC79515002B79B2 /* UIDevice+PMDevice.m */,
				365F39781BC6BDE000D37522 /* Main.storyboard */,
				365F397B1BC6BDE000D37522 /* Assets.xcassets */,
				365F397D1BC6BDE000D37522 /* LaunchScreen.storyboard */,
				365F39801BC6BDE000D37522 /* Info.plist */,
				365F396F1BC6BDE000D37522 /* Supporting Files */,
			);
			path = ApplePayDemo;
			sourceTree = "<group>";
		};
		365F396F1BC6BDE000D37522 /* Supporting Files */ = {
			isa = PBXGroup;
			children = (
				365F39701BC6BDE000D37522 /* main.m */,
			);
			name = "Supporting Files";
			sourceTree = "<group>";
		};
		36A005801BC79D9A002B79B2 /* NetworkCache */ = {
			isa = PBXGroup;
			children = (
				36A0058A1BC80535002B79B2 /* PMSimpleTransaction.h */,
				36A0058B1BC80535002B79B2 /* PMSimpleTransaction.m */,
				36A0058C1BC80535002B79B2 /* PMTransactionExceptionMonitor.h */,
				36A0058D1BC80535002B79B2 /* PMTransactionExceptionMonitor.m */,
			);
			path = NetworkCache;
			sourceTree = "<group>";
		};
/* End PBXGroup section */

/* Begin PBXNativeTarget section */
		365F396B1BC6BDE000D37522 /* ApplePayDemo */ = {
			isa = PBXNativeTarget;
			buildConfigurationList = 365F39831BC6BDE000D37522 /* Build configuration list for PBXNativeTarget "ApplePayDemo" */;
			buildPhases = (
				365F39681BC6BDE000D37522 /* Sources */,
				365F39691BC6BDE000D37522 /* Frameworks */,
				365F396A1BC6BDE000D37522 /* Resources */,
			);
			buildRules = (
			);
			dependencies = (
			);
			name = ApplePayDemo;
			productName = ApplePayDemo;
			productReference = 365F396C1BC6BDE000D37522 /* ApplePayDemo.app */;
			productType = "com.apple.product-type.application";
		};
/* End PBXNativeTarget section */

/* Begin PBXProject section */
		365F39641BC6BDE000D37522 /* Project object */ = {
			isa = PBXProject;
			attributes = {
				LastUpgradeCheck = 0700;
				ORGANIZATIONNAME = majian;
				TargetAttributes = {
					365F396B1BC6BDE000D37522 = {
						CreatedOnToolsVersion = 7.0.1;
						DevelopmentTeam = R7SR7GSLEF;
						SystemCapabilities = {
							com.apple.InAppPurchase = {
								enabled = 1;
							};
							com.apple.OMC = {
								enabled = 0;
							};
						};
					};
				};
			};
			buildConfigurationList = 365F39671BC6BDE000D37522 /* Build configuration list for PBXProject "ApplePayDemo" */;
			compatibilityVersion = "Xcode 3.2";
			developmentRegion = English;
			hasScannedForEncodings = 0;
			knownRegions = (
				en,
				Base,
			);
			mainGroup = 365F39631BC6BDE000D37522;
			productRefGroup = 365F396D1BC6BDE000D37522 /* Products */;
			projectDirPath = "";
			projectRoot = "";
			targets = (
				365F396B1BC6BDE000D37522 /* ApplePayDemo */,
			);
		};
/* End PBXProject section */

/* Begin PBXResourcesBuildPhase section */
		365F396A1BC6BDE000D37522 /* Resources */ = {
			isa = PBXResourcesBuildPhase;
			buildActionMask = 2147483647;
			files = (
				365F397F1BC6BDE000D37522 /* LaunchScreen.storyboard in Resources */,
				365F397C1BC6BDE000D37522 /* Assets.xcassets in Resources */,
				365F397A1BC6BDE000D37522 /* Main.storyboard in Resources */,
			);
			runOnlyForDeploymentPostprocessing = 0;
		};
/* End PBXResourcesBuildPhase section */

/* Begin PBXSourcesBuildPhase section */
		365F39681BC6BDE000D37522 /* Sources */ = {
			isa = PBXSourcesBuildPhase;
			buildActionMask = 2147483647;
			files = (
				36A0057F1BC79515002B79B2 /* UIDevice+PMDevice.m in Sources */,
				36A0058E1BC80535002B79B2 /* PMSimpleTransaction.m in Sources */,
				36A0058F1BC80535002B79B2 /* PMTransactionExceptionMonitor.m in Sources */,
				365F39771BC6BDE000D37522 /* ViewController.m in Sources */,
				365F39741BC6BDE000D37522 /* AppDelegate.m in Sources */,
				365F39711BC6BDE000D37522 /* main.m in Sources */,
			);
			runOnlyForDeploymentPostprocessing = 0;
		};
/* End PBXSourcesBuildPhase section */

/* Begin PBXVariantGroup section */
		365F39781BC6BDE000D37522 /* Main.storyboard */ = {
			isa = PBXVariantGroup;
			children = (
				365F39791BC6BDE000D37522 /* Base */,
			);
			name = Main.storyboard;
			sourceTree = "<group>";
		};
		365F397D1BC6BDE000D37522 /* LaunchScreen.storyboard */ = {
			isa = PBXVariantGroup;
			children = (
				365F397E1BC6BDE000D37522 /* Base */,
			);
			name = LaunchScreen.storyboard;
			sourceTree = "<group>";
		};
/* End PBXVariantGroup section */

/* Begin XCBuildConfiguration section */
		365F39811BC6BDE000D37522 /* Debug */ = {
			isa = XCBuildConfiguration;
			buildSettings = {
				ALWAYS_SEARCH_USER_PATHS = NO;
				CLANG_CXX_LANGUAGE_STANDARD = "gnu++0x";
				CLANG_CXX_LIBRARY = "libc++";
				CLANG_ENABLE_MODULES = YES;
				CLANG_ENABLE_OBJC_ARC = YES;
				CLANG_WARN_BOOL_CONVERSION = YES;
				CLANG_WARN_CONSTANT_CONVERSION = YES;
				CLANG_WARN_DIRECT_OBJC_ISA_USAGE = YES_ERROR;
				CLANG_WARN_EMPTY_BODY = YES;
				CLANG_WARN_ENUM_CONVERSION = YES;
				CLANG_WARN_INT_CONVERSION = YES;
				CLANG_WARN_OBJC_ROOT_CLASS = YES_ERROR;
				CLANG_WARN_UNREACHABLE_CODE = YES;
				CLANG_WARN__DUPLICATE_METHOD_MATCH = YES;
				"CODE_SIGN_IDENTITY[sdk=iphoneos*]" = "iPhone Developer";
				COPY_PHASE_STRIP = NO;
				DEBUG_INFORMATION_FORMAT = dwarf;
				ENABLE_STRICT_OBJC_MSGSEND = YES;
				ENABLE_TESTABILITY = YES;
				GCC_C_LANGUAGE_STANDARD = gnu99;
				GCC_DYNAMIC_NO_PIC = NO;
				GCC_NO_COMMON_BLOCKS = YES;
				GCC_OPTIMIZATION_LEVEL = 0;
				GCC_PREPROCESSOR_DEFINITIONS = (
					"DEBUG=1",
					"$(inherited)",
				);
				GCC_WARN_64_TO_32_BIT_CONVERSION = YES;
				GCC_WARN_ABOUT_RETURN_TYPE = YES_ERROR;
				GCC_WARN_UNDECLARED_SELECTOR = YES;
				GCC_WARN_UNINITIALIZED_AUTOS = YES_AGGRESSIVE;
				GCC_WARN_UNUSED_FUNCTION = YES;
				GCC_WARN_UNUSED_VARIABLE = YES;
				IPHONEOS_DEPLOYMENT_TARGET = 9.0;
				MTL_ENABLE_DEBUG_INFO = YES;
				ONLY_ACTIVE_ARCH = YES;
				SDKROOT = iphoneos;
			};
			name = Debug;
		};
		365F39821BC6BDE000D37522 /* Release */ = {
			isa = XCBuildConfiguration;
			buildSettings = {
				ALWAYS_SEARCH_USER_PATHS = NO;
				CLANG_CXX_LANGUAGE_STANDARD = "gnu++0x";
				CLANG_CXX_LIBRARY = "libc++";
				CLANG_ENABLE_MODULES = YES;
				CLANG_ENABLE_OBJC_ARC = YES;
				CLANG_WARN_BOOL_CONVERSION = YES;
				CLANG_WARN_CONSTANT_CONVERSION = YES;
				CLANG_WARN_DIRECT_OBJC_ISA_USAGE = YES_ERROR;
				CLANG_WARN_EMPTY_BODY = YES;
				CLANG_WARN_ENUM_CONVERSION = YES;
				CLANG_WARN_INT_CONVERSION = YES;
				CLANG_WARN_OBJC_ROOT_CLASS = YES_ERROR;
				CLANG_WARN_UNREACHABLE_CODE = YES;
				CLANG_WARN__DUPLICATE_METHOD_MATCH = YES;
				"CODE_SIGN_IDENTITY[sdk=iphoneos*]" = "iPhone Developer";
				COPY_PHASE_STRIP = NO;
				DEBUG_INFORMATION_FORMAT = "dwarf-with-dsym";
				ENABLE_NS_ASSERTIONS = NO;
				ENABLE_STRICT_OBJC_MSGSEND = YES;
				GCC_C_LANGUAGE_STANDARD = gnu99;
				GCC_NO_COMMON_BLOCKS = YES;
				GCC_WARN_64_TO_32_BIT_CONVERSION = YES;
				GCC_WARN_ABOUT_RETURN_TYPE = YES_ERROR;
				GCC_WARN_UNDECLARED_SELECTOR = YES;
				GCC_WARN_UNINITIALIZED_AUTOS = YES_AGGRESSIVE;
				GCC_WARN_UNUSED_FUNCTION = YES;
				GCC_WARN_UNUSED_VARIABLE = YES;
				IPHONEOS_DEPLOYMENT_TARGET = 9.0;
				MTL_ENABLE_DEBUG_INFO = NO;
				SDKROOT = iphoneos;
				VALIDATE_PRODUCT = YES;
			};
			name = Release;
		};
		365F39841BC6BDE000D37522 /* Debug */ = {
			isa = XCBuildConfiguration;
			buildSettings = {
				ASSETCATALOG_COMPILER_APPICON_NAME = AppIcon;
				CODE_SIGN_IDENTITY = "iPhone Developer";
				"CODE_SIGN_IDENTITY[sdk=iphoneos*]" = "iPhone Developer";
				INFOPLIST_FILE = ApplePayDemo/Info.plist;
				IPHONEOS_DEPLOYMENT_TARGET = 8.0;
				LD_RUNPATH_SEARCH_PATHS = "$(inherited) @executable_path/Frameworks";
				PRODUCT_BUNDLE_IDENTIFIER = com.haoyi.ApplePay;
				PRODUCT_NAME = "$(TARGET_NAME)";
				PROVISIONING_PROFILE = "";
			};
			name = Debug;
		};
		365F39851BC6BDE000D37522 /* Release */ = {
			isa = XCBuildConfiguration;
			buildSettings = {
				ASSETCATALOG_COMPILER_APPICON_NAME = AppIcon;
				CODE_SIGN_IDENTITY = "iPhone Developer";
				"CODE_SIGN_IDENTITY[sdk=iphoneos*]" = "iPhone Developer";
				INFOPLIST_FILE = ApplePayDemo/Info.plist;
				IPHONEOS_DEPLOYMENT_TARGET = 8.0;
				LD_RUNPATH_SEARCH_PATHS = "$(inherited) @executable_path/Frameworks";
				PRODUCT_BUNDLE_IDENTIFIER = com.haoyi.ApplePay;
				PRODUCT_NAME = "$(TARGET_NAME)";
				PROVISIONING_PROFILE = "";
			};
			name = Release;
		};
/* End XCBuildConfiguration section */

/* Begin XCConfigurationList section */
		365F39671BC6BDE000D37522 /* Build configuration list for PBXProject "ApplePayDemo" */ = {
			isa = XCConfigurationList;
			buildConfigurations = (
				365F39811BC6BDE000D37522 /* Debug */,
				365F39821BC6BDE000D37522 /* Release */,
			);
			defaultConfigurationIsVisible = 0;
			defaultConfigurationName = Release;
		};
		365F39831BC6BDE000D37522 /* Build configuration list for PBXNativeTarget "ApplePayDemo" */ = {
			isa = XCConfigurationList;
			buildConfigurations = (
				365F39841BC6BDE000D37522 /* Debug */,
				365F39851BC6BDE000D37522 /* Release */,
			);
			defaultConfigurationIsVisible = 0;
			defaultConfigurationName = Release;
		};
/* End XCConfigurationList section */
	};
	rootObject = 365F39641BC6BDE000D37522 /* Project object */;
}
